
Microsoft Visual Studio Solution File, Format Version 12.00
# Visual Studio 2012
Project("{FAE04EC0-301F-11D3-BF4B-00C04F79EFBC}") = "MvcDemo.Web.RoutingDemo", "MvcDemo.Web.RoutingDemo\MvcDemo.Web.RoutingDemo.csproj", "{8C99015D-E460-4C4D-B2A4-BB533BC69168}"
EndProject
Project("{FAE04EC0-301F-11D3-BF4B-00C04F79EFBC}") = "MvcDemo.Web.Routing.EmptyProject", "MvcDemo.Web.Routing.EmptyProject\MvcDemo.Web.Routing.EmptyProject.csproj", "{EB6258AD-25FA-44E4-882F-250F1E836CDD}"
EndProject
Global
	GlobalSection(SolutionConfigurationPlatforms) = preSolution
		Debug|Any CPU = Debug|Any CPU
		Release|Any CPU = Release|Any CPU
	EndGlobalSection
	GlobalSection(ProjectConfigurationPlatforms) = postSolution
		{8C99015D-E460-4C4D-B2A4-BB533BC69168}.Debug|Any CPU.ActiveCfg = Debug|Any CPU
		{8C99015D-E460-4C4D-B2A4-BB533BC69168}.Debug|Any CPU.Build.0 = Debug|Any CPU
		{8C99015D-E460-4C4D-B2A4-BB533BC69168}.Release|Any CPU.ActiveCfg = Release|Any CPU
		{8C99015D-E460-4C4D-B2A4-BB533BC69168}.Release|Any CPU.Build.0 = Release|Any CPU
		{EB6258AD-25FA-44E4-882F-250F1E836CDD}.Debug|Any CPU.ActiveCfg = Debug|Any CPU
		{EB6258AD-25FA-44E4-882F-250F1E836CDD}.Debug|Any CPU.Build.0 = Debug|Any CPU
		{EB6258AD-25FA-44E4-882F-250F1E836CDD}.Release|Any CPU.ActiveCfg = Release|Any CPU
		{EB6258AD-25FA-44E4-882F-250F1E836CDD}.Release|Any CPU.Build.0 = Release|Any CPU
	EndGlobalSection
	GlobalSection(SolutionProperties) = preSolution
		HideSolutionNode = FALSE
	EndGlobalSection
EndGlobal
